
Microsoft Visual Studio Solution File, Format Version 12.00
# Visual Studio Version 16
VisualStudioVersion = 16.0.34601.136
MinimumVisualStudioVersion = 10.0.40219.1
Project("{FAE04EC0-301F-11D3-BF4B-00C04F79EFBC}") = "DailyReport", "DailyReport.csproj", "{637C5C7F-8D15-4FFC-8776-AF6C0B657380}"
EndProject
Global
	GlobalSection(SolutionConfigurationPlatforms) = preSolution
		Debug|Any CPU = Debug|Any CPU
		Release|Any CPU = Release|Any CPU
	EndGlobalSection
	GlobalSection(ProjectConfigurationPlatforms) = postSolution
		{637C5C7F-8D15-4FFC-8776-AF6C0B657380}.Debug|Any CPU.ActiveCfg = Debug|Any CPU
		{637C5C7F-8D15-4FFC-8776-AF6C0B657380}.Debug|Any CPU.Build.0 = Debug|Any CPU
		{637C5C7F-8D15-4FFC-8776-AF6C0B657380}.Release|Any CPU.ActiveCfg = Release|Any CPU
		{637C5C7F-8D15-4FFC-8776-AF6C0B657380}.Release|Any CPU.Build.0 = Release|Any CPU
	EndGlobalSection
	GlobalSection(SolutionProperties) = preSolution
		HideSolutionNode = FALSE
	EndGlobalSection
	GlobalSection(ExtensibilityGlobals) = postSolution
		SolutionGuid = {95BB2A6D-F3DF-4273-8037-9A4172D64F09}
	EndGlobalSection
EndGlobal
