
Microsoft Visual Studio Solution File, Format Version 12.00
# Visual Studio Version 16
VisualStudioVersion = 16.0.34601.136
MinimumVisualStudioVersion = 10.0.40219.1
Project("{FAE04EC0-301F-11D3-BF4B-00C04F79EFBC}") = "DoandWhileLoopAssignment", "DoandWhileLoopAssignment.csproj", "{B4797055-5268-4192-A3BB-A88C15E95BFE}"
EndProject
Global
	GlobalSection(SolutionConfigurationPlatforms) = preSolution
		Debug|Any CPU = Debug|Any CPU
		Release|Any CPU = Release|Any CPU
	EndGlobalSection
	GlobalSection(ProjectConfigurationPlatforms) = postSolution
		{B4797055-5268-4192-A3BB-A88C15E95BFE}.Debug|Any CPU.ActiveCfg = Debug|Any CPU
		{B4797055-5268-4192-A3BB-A88C15E95BFE}.Debug|Any CPU.Build.0 = Debug|Any CPU
		{B4797055-5268-4192-A3BB-A88C15E95BFE}.Release|Any CPU.ActiveCfg = Release|Any CPU
		{B4797055-5268-4192-A3BB-A88C15E95BFE}.Release|Any CPU.Build.0 = Release|Any CPU
	EndGlobalSection
	GlobalSection(SolutionProperties) = preSolution
		HideSolutionNode = FALSE
	EndGlobalSection
	GlobalSection(ExtensibilityGlobals) = postSolution
		SolutionGuid = {C2EFC4F3-5DB4-436D-A41F-AF8585BBD3D8}
	EndGlobalSection
EndGlobal
