
Microsoft Visual Studio Solution File, Format Version 12.00
# Visual Studio Version 16
VisualStudioVersion = 16.0.34601.136
MinimumVisualStudioVersion = 10.0.40219.1
Project("{FAE04EC0-301F-11D3-BF4B-00C04F79EFBC}") = "Lambda Assignment", "Lambda Assignment.csproj", "{524F02E5-72EA-4D7B-915E-DF4E9AEEF9D3}"
EndProject
Global
	GlobalSection(SolutionConfigurationPlatforms) = preSolution
		Debug|Any CPU = Debug|Any CPU
		Release|Any CPU = Release|Any CPU
	EndGlobalSection
	GlobalSection(ProjectConfigurationPlatforms) = postSolution
		{524F02E5-72EA-4D7B-915E-DF4E9AEEF9D3}.Debug|Any CPU.ActiveCfg = Debug|Any CPU
		{524F02E5-72EA-4D7B-915E-DF4E9AEEF9D3}.Debug|Any CPU.Build.0 = Debug|Any CPU
		{524F02E5-72EA-4D7B-915E-DF4E9AEEF9D3}.Release|Any CPU.ActiveCfg = Release|Any CPU
		{524F02E5-72EA-4D7B-915E-DF4E9AEEF9D3}.Release|Any CPU.Build.0 = Release|Any CPU
	EndGlobalSection
	GlobalSection(SolutionProperties) = preSolution
		HideSolutionNode = FALSE
	EndGlobalSection
	GlobalSection(ExtensibilityGlobals) = postSolution
		SolutionGuid = {48F537CB-9BCB-4752-8D47-CD1BBECBF58C}
	EndGlobalSection
EndGlobal
